// !$*UTF8*$!
{
	archiveVersion = 1;
	classes = {
	};
	objectVersion = 46;
	objects = {

/* Begin PBXBuildFile section */
		3A574BAC1DE57F9600AB73AB /* main.m in Sources */ = {isa = PBXBuildFile; fileRef = 3A574BAB1DE57F9600AB73AB /* main.m */; };
		3A574BAF1DE57F9600AB73AB /* AppDelegate.m in Sources */ = {isa = PBXBuildFile; fileRef = 3A574BAE1DE57F9600AB73AB /* AppDelegate.m */; };
		3A574BB21DE57F9600AB73AB /* ViewController.m in Sources */ = {isa = PBXBuildFile; fileRef = 3A574BB11DE57F9600AB73AB /* ViewController.m */; };
		3A574BB51DE57F9600AB73AB /* Main.storyboard in Resources */ = {isa = PBXBuildFile; fileRef = 3A574BB31DE57F9600AB73AB /* Main.storyboard */; };
		3A574BB71DE57F9600AB73AB /* Assets.xcassets in Resources */ = {isa = PBXBuildFile; fileRef = 3A574BB61DE57F9600AB73AB /* Assets.xcassets */; };
		3A574BBA1DE57F9600AB73AB /* LaunchScreen.storyboard in Resources */ = {isa = PBXBuildFile; fileRef = 3A574BB81DE57F9600AB73AB /* LaunchScreen.storyboard */; };
		3A574BC31DE5843A00AB73AB /* RadialCircleAnnotationView.m in Sources */ = {isa = PBXBuildFile; fileRef = 3A574BC21DE5843A00AB73AB /* RadialCircleAnnotationView.m */; };
		3A574BEE1DF6B58300AB73AB /* AppDelegate.swift in Sources */ = {isa = PBXBuildFile; fileRef = 3A574BED1DF6B58300AB73AB /* AppDelegate.swift */; };
		3A574BF01DF6B58300AB73AB /* ViewController.swift in Sources */ = {isa = PBXBuildFile; fileRef = 3A574BEF1DF6B58300AB73AB /* ViewController.swift */; };
		3A574BF31DF6B58300AB73AB /* Main.storyboard in Resources */ = {isa = PBXBuildFile; fileRef = 3A574BF11DF6B58300AB73AB /* Main.storyboard */; };
		3A574BF51DF6B58300AB73AB /* Assets.xcassets in Resources */ = {isa = PBXBuildFile; fileRef = 3A574BF41DF6B58300AB73AB /* Assets.xcassets */; };
		3A574BF81DF6B58300AB73AB /* LaunchScreen.storyboard in Resources */ = {isa = PBXBuildFile; fileRef = 3A574BF61DF6B58300AB73AB /* LaunchScreen.storyboard */; };
		3A574C011DF6CDC600AB73AB /* RadialCircleAnnotationView.swift in Sources */ = {isa = PBXBuildFile; fileRef = 3A574C001DF6CDC600AB73AB /* RadialCircleAnnotationView.swift */; };
		8284CA0C499B36105987C914 /* libPods-AMapRadialCircleDemo-swift.a in Frameworks */ = {isa = PBXBuildFile; fileRef = 07970181F37B3E52BB88DACE /* libPods-AMapRadialCircleDemo-swift.a */; };
		C0CBDBD31F782FA01D744A5D /* libPods-AMapRadialCircleDemo.a in Frameworks */ = {isa = PBXBuildFile; fileRef = 0F18B64D93DCB0CDDB92681B /* libPods-AMapRadialCircleDemo.a */; };
		D9F65C021E2E0751002BBD5C /* AMapRadialCircleDemoUITests.m in Sources */ = {isa = PBXBuildFile; fileRef = D9F65C011E2E0751002BBD5C /* AMapRadialCircleDemoUITests.m */; };
/* End PBXBuildFile section */

/* Begin PBXContainerItemProxy section */
		D9F65C041E2E0751002BBD5C /* PBXContainerItemProxy */ = {
			isa = PBXContainerItemProxy;
			containerPortal = 3A574B9F1DE57F9600AB73AB /* Project object */;
			proxyType = 1;
			remoteGlobalIDString = 3A574BA61DE57F9600AB73AB;
			remoteInfo = AMapRadialCircleDemo;
		};
/* End PBXContainerItemProxy section */

/* Begin PBXFileReference section */
		07970181F37B3E52BB88DACE /* libPods-AMapRadialCircleDemo-swift.a */ = {isa = PBXFileReference; explicitFileType = archive.ar; includeInIndex = 0; path = "libPods-AMapRadialCircleDemo-swift.a"; sourceTree = BUILT_PRODUCTS_DIR; };
		0F18B64D93DCB0CDDB92681B /* libPods-AMapRadialCircleDemo.a */ = {isa = PBXFileReference; explicitFileType = archive.ar; includeInIndex = 0; path = "libPods-AMapRadialCircleDemo.a"; sourceTree = BUILT_PRODUCTS_DIR; };
		387340A5FCA7A7E2B00CCC67 /* Pods-AMapRadialCircleDemo.release.xcconfig */ = {isa = PBXFileReference; includeInIndex = 1; lastKnownFileType = text.xcconfig; name = "Pods-AMapRadialCircleDemo.release.xcconfig"; path = "Pods/Target Support Files/Pods-AMapRadialCircleDemo/Pods-AMapRadialCircleDemo.release.xcconfig"; sourceTree = "<group>"; };
		3A574BA71DE57F9600AB73AB /* AMapRadialCircleDemo.app */ = {isa = PBXFileReference; explicitFileType = wrapper.application; includeInIndex = 0; path = AMapRadialCircleDemo.app; sourceTree = BUILT_PRODUCTS_DIR; };
		3A574BAB1DE57F9600AB73AB /* main.m */ = {isa = PBXFileReference; lastKnownFileType = sourcecode.c.objc; path = main.m; sourceTree = "<group>"; };
		3A574BAD1DE57F9600AB73AB /* AppDelegate.h */ = {isa = PBXFileReference; lastKnownFileType = sourcecode.c.h; path = AppDelegate.h; sourceTree = "<group>"; };
		3A574BAE1DE57F9600AB73AB /* AppDelegate.m */ = {isa = PBXFileReference; lastKnownFileType = sourcecode.c.objc; path = AppDelegate.m; sourceTree = "<group>"; };
		3A574BB01DE57F9600AB73AB /* ViewController.h */ = {isa = PBXFileReference; lastKnownFileType = sourcecode.c.h; path = ViewController.h; sourceTree = "<group>"; };
		3A574BB11DE57F9600AB73AB /* ViewController.m */ = {isa = PBXFileReference; lastKnownFileType = sourcecode.c.objc; path = ViewController.m; sourceTree = "<group>"; };
		3A574BB41DE57F9600AB73AB /* Base */ = {isa = PBXFileReference; lastKnownFileType = file.storyboard; name = Base; path = Base.lproj/Main.storyboard; sourceTree = "<group>"; };
		3A574BB61DE57F9600AB73AB /* Assets.xcassets */ = {isa = PBXFileReference; lastKnownFileType = folder.assetcatalog; path = Assets.xcassets; sourceTree = "<group>"; };
		3A574BB91DE57F9600AB73AB /* Base */ = {isa = PBXFileReference; lastKnownFileType = file.storyboard; name = Base; path = Base.lproj/LaunchScreen.storyboard; sourceTree = "<group>"; };
		3A574BBB1DE57F9600AB73AB /* Info.plist */ = {isa = PBXFileReference; lastKnownFileType = text.plist.xml; path = Info.plist; sourceTree = "<group>"; };
		3A574BC11DE5843A00AB73AB /* RadialCircleAnnotationView.h */ = {isa = PBXFileReference; fileEncoding = 4; lastKnownFileType = sourcecode.c.h; path = RadialCircleAnnotationView.h; sourceTree = "<group>"; };
		3A574BC21DE5843A00AB73AB /* RadialCircleAnnotationView.m */ = {isa = PBXFileReference; fileEncoding = 4; lastKnownFileType = sourcecode.c.objc; path = RadialCircleAnnotationView.m; sourceTree = "<group>"; };
		3A574BEB1DF6B58200AB73AB /* AMapRadialCircleDemo-swift.app */ = {isa = PBXFileReference; explicitFileType = wrapper.application; includeInIndex = 0; path = "AMapRadialCircleDemo-swift.app"; sourceTree = BUILT_PRODUCTS_DIR; };
		3A574BED1DF6B58300AB73AB /* AppDelegate.swift */ = {isa = PBXFileReference; lastKnownFileType = sourcecode.swift; path = AppDelegate.swift; sourceTree = "<group>"; };
		3A574BEF1DF6B58300AB73AB /* ViewController.swift */ = {isa = PBXFileReference; lastKnownFileType = sourcecode.swift; path = ViewController.swift; sourceTree = "<group>"; };
		3A574BF21DF6B58300AB73AB /* Base */ = {isa = PBXFileReference; lastKnownFileType = file.storyboard; name = Base; path = Base.lproj/Main.storyboard; sourceTree = "<group>"; };
		3A574BF41DF6B58300AB73AB /* Assets.xcassets */ = {isa = PBXFileReference; lastKnownFileType = folder.assetcatalog; path = Assets.xcassets; sourceTree = "<group>"; };
		3A574BF71DF6B58300AB73AB /* Base */ = {isa = PBXFileReference; lastKnownFileType = file.storyboard; name = Base; path = Base.lproj/LaunchScreen.storyboard; sourceTree = "<group>"; };
		3A574BF91DF6B58300AB73AB /* Info.plist */ = {isa = PBXFileReference; lastKnownFileType = text.plist.xml; path = Info.plist; sourceTree = "<group>"; };
		3A574BFD1DF6B65300AB73AB /* Swift-Bridging-Header.h */ = {isa = PBXFileReference; fileEncoding = 4; lastKnownFileType = sourcecode.c.h; path = "Swift-Bridging-Header.h"; sourceTree = "<group>"; };
		3A574C001DF6CDC600AB73AB /* RadialCircleAnnotationView.swift */ = {isa = PBXFileReference; fileEncoding = 4; lastKnownFileType = sourcecode.swift; path = RadialCircleAnnotationView.swift; sourceTree = "<group>"; };
		711D2E074078F3EC3669E6A2 /* Pods-AMapRadialCircleDemo.debug.xcconfig */ = {isa = PBXFileReference; includeInIndex = 1; lastKnownFileType = text.xcconfig; name = "Pods-AMapRadialCircleDemo.debug.xcconfig"; path = "Pods/Target Support Files/Pods-AMapRadialCircleDemo/Pods-AMapRadialCircleDemo.debug.xcconfig"; sourceTree = "<group>"; };
		ABB779705F259109227D172D /* Pods-AMapRadialCircleDemo-swift.release.xcconfig */ = {isa = PBXFileReference; includeInIndex = 1; lastKnownFileType = text.xcconfig; name = "Pods-AMapRadialCircleDemo-swift.release.xcconfig"; path = "Pods/Target Support Files/Pods-AMapRadialCircleDemo-swift/Pods-AMapRadialCircleDemo-swift.release.xcconfig"; sourceTree = "<group>"; };
		D9F65BFF1E2E0751002BBD5C /* AMapRadialCircleDemoUITests.xctest */ = {isa = PBXFileReference; explicitFileType = wrapper.cfbundle; includeInIndex = 0; path = AMapRadialCircleDemoUITests.xctest; sourceTree = BUILT_PRODUCTS_DIR; };
		D9F65C011E2E0751002BBD5C /* AMapRadialCircleDemoUITests.m */ = {isa = PBXFileReference; lastKnownFileType = sourcecode.c.objc; path = AMapRadialCircleDemoUITests.m; sourceTree = "<group>"; };
		D9F65C031E2E0751002BBD5C /* Info.plist */ = {isa = PBXFileReference; lastKnownFileType = text.plist.xml; path = Info.plist; sourceTree = "<group>"; };
		FE524B481FF9AEDCA29B5B3F /* Pods-AMapRadialCircleDemo-swift.debug.xcconfig */ = {isa = PBXFileReference; includeInIndex = 1; lastKnownFileType = text.xcconfig; name = "Pods-AMapRadialCircleDemo-swift.debug.xcconfig"; path = "Pods/Target Support Files/Pods-AMapRadialCircleDemo-swift/Pods-AMapRadialCircleDemo-swift.debug.xcconfig"; sourceTree = "<group>"; };
/* End PBXFileReference section */

/* Begin PBXFrameworksBuildPhase section */
		3A574BA41DE57F9600AB73AB /* Frameworks */ = {
			isa = PBXFrameworksBuildPhase;
			buildActionMask = 2147483647;
			files = (
				C0CBDBD31F782FA01D744A5D /* libPods-AMapRadialCircleDemo.a in Frameworks */,
			);
			runOnlyForDeploymentPostprocessing = 0;
		};
		3A574BE81DF6B58200AB73AB /* Frameworks */ = {
			isa = PBXFrameworksBuildPhase;
			buildActionMask = 2147483647;
			files = (
				8284CA0C499B36105987C914 /* libPods-AMapRadialCircleDemo-swift.a in Frameworks */,
			);
			runOnlyForDeploymentPostprocessing = 0;
		};
		D9F65BFC1E2E0751002BBD5C /* Frameworks */ = {
			isa = PBXFrameworksBuildPhase;
			buildActionMask = 2147483647;
			files = (
			);
			runOnlyForDeploymentPostprocessing = 0;
		};
/* End PBXFrameworksBuildPhase section */

/* Begin PBXGroup section */
		3A574B9E1DE57F9600AB73AB = {
			isa = PBXGroup;
			children = (
				3A574BA91DE57F9600AB73AB /* AMapRadialCircleDemo */,
				3A574BEC1DF6B58300AB73AB /* AMapRadialCircleDemo-swift */,
				D9F65C001E2E0751002BBD5C /* AMapRadialCircleDemoUITests */,
				3A574BA81DE57F9600AB73AB /* Products */,
				49567976B049B8935C56BD55 /* Pods */,
				C8FA68788EA28F2B05DFF8A3 /* Frameworks */,
			);
			sourceTree = "<group>";
		};
		3A574BA81DE57F9600AB73AB /* Products */ = {
			isa = PBXGroup;
			children = (
				3A574BA71DE57F9600AB73AB /* AMapRadialCircleDemo.app */,
				3A574BEB1DF6B58200AB73AB /* AMapRadialCircleDemo-swift.app */,
				D9F65BFF1E2E0751002BBD5C /* AMapRadialCircleDemoUITests.xctest */,
			);
			name = Products;
			sourceTree = "<group>";
		};
		3A574BA91DE57F9600AB73AB /* AMapRadialCircleDemo */ = {
			isa = PBXGroup;
			children = (
				3A574BAD1DE57F9600AB73AB /* AppDelegate.h */,
				3A574BAE1DE57F9600AB73AB /* AppDelegate.m */,
				3A574BB01DE57F9600AB73AB /* ViewController.h */,
				3A574BB11DE57F9600AB73AB /* ViewController.m */,
				3A574BC11DE5843A00AB73AB /* RadialCircleAnnotationView.h */,
				3A574BC21DE5843A00AB73AB /* RadialCircleAnnotationView.m */,
				3A574BB31DE57F9600AB73AB /* Main.storyboard */,
				3A574BB61DE57F9600AB73AB /* Assets.xcassets */,
				3A574BB81DE57F9600AB73AB /* LaunchScreen.storyboard */,
				3A574BBB1DE57F9600AB73AB /* Info.plist */,
				3A574BAA1DE57F9600AB73AB /* Supporting Files */,
			);
			path = AMapRadialCircleDemo;
			sourceTree = "<group>";
		};
		3A574BAA1DE57F9600AB73AB /* Supporting Files */ = {
			isa = PBXGroup;
			children = (
				3A574BAB1DE57F9600AB73AB /* main.m */,
			);
			name = "Supporting Files";
			sourceTree = "<group>";
		};
		3A574BEC1DF6B58300AB73AB /* AMapRadialCircleDemo-swift */ = {
			isa = PBXGroup;
			children = (
				3A574BED1DF6B58300AB73AB /* AppDelegate.swift */,
				3A574BEF1DF6B58300AB73AB /* ViewController.swift */,
				3A574C001DF6CDC600AB73AB /* RadialCircleAnnotationView.swift */,
				3A574BFD1DF6B65300AB73AB /* Swift-Bridging-Header.h */,
				3A574BF11DF6B58300AB73AB /* Main.storyboard */,
				3A574BF41DF6B58300AB73AB /* Assets.xcassets */,
				3A574BF61DF6B58300AB73AB /* LaunchScreen.storyboard */,
				3A574BF91DF6B58300AB73AB /* Info.plist */,
			);
			path = "AMapRadialCircleDemo-swift";
			sourceTree = "<group>";
		};
		49567976B049B8935C56BD55 /* Pods */ = {
			isa = PBXGroup;
			children = (
				711D2E074078F3EC3669E6A2 /* Pods-AMapRadialCircleDemo.debug.xcconfig */,
				387340A5FCA7A7E2B00CCC67 /* Pods-AMapRadialCircleDemo.release.xcconfig */,
				FE524B481FF9AEDCA29B5B3F /* Pods-AMapRadialCircleDemo-swift.debug.xcconfig */,
				ABB779705F259109227D172D /* Pods-AMapRadialCircleDemo-swift.release.xcconfig */,
			);
			name = Pods;
			sourceTree = "<group>";
		};
		C8FA68788EA28F2B05DFF8A3 /* Frameworks */ = {
			isa = PBXGroup;
			children = (
				0F18B64D93DCB0CDDB92681B /* libPods-AMapRadialCircleDemo.a */,
				07970181F37B3E52BB88DACE /* libPods-AMapRadialCircleDemo-swift.a */,
			);
			name = Frameworks;
			sourceTree = "<group>";
		};
		D9F65C001E2E0751002BBD5C /* AMapRadialCircleDemoUITests */ = {
			isa = PBXGroup;
			children = (
				D9F65C011E2E0751002BBD5C /* AMapRadialCircleDemoUITests.m */,
				D9F65C031E2E0751002BBD5C /* Info.plist */,
			);
			path = AMapRadialCircleDemoUITests;
			sourceTree = "<group>";
		};
/* End PBXGroup section */

/* Begin PBXNativeTarget section */
		3A574BA61DE57F9600AB73AB /* AMapRadialCircleDemo */ = {
			isa = PBXNativeTarget;
			buildConfigurationList = 3A574BBE1DE57F9600AB73AB /* Build configuration list for PBXNativeTarget "AMapRadialCircleDemo" */;
			buildPhases = (
				8CA48DF0EAE033BF9D5FABEC /* [CP] Check Pods Manifest.lock */,
				3A574BA31DE57F9600AB73AB /* Sources */,
				3A574BA41DE57F9600AB73AB /* Frameworks */,
				3A574BA51DE57F9600AB73AB /* Resources */,
				3FAC1C5F988CDE01E4D2610C /* [CP] Embed Pods Frameworks */,
				FED4408EE5C2E12066EEF770 /* [CP] Copy Pods Resources */,
			);
			buildRules = (
			);
			dependencies = (
			);
			name = AMapRadialCircleDemo;
			productName = AMapRadialCircleDemo;
			productReference = 3A574BA71DE57F9600AB73AB /* AMapRadialCircleDemo.app */;
			productType = "com.apple.product-type.application";
		};
		3A574BEA1DF6B58200AB73AB /* AMapRadialCircleDemo-swift */ = {
			isa = PBXNativeTarget;
			buildConfigurationList = 3A574BFC1DF6B58300AB73AB /* Build configuration list for PBXNativeTarget "AMapRadialCircleDemo-swift" */;
			buildPhases = (
				AB9F4CDF767F013F6FC16817 /* [CP] Check Pods Manifest.lock */,
				3A574BE71DF6B58200AB73AB /* Sources */,
				3A574BE81DF6B58200AB73AB /* Frameworks */,
				3A574BE91DF6B58200AB73AB /* Resources */,
				E2F46A11F8A5B172FF23E5EC /* [CP] Embed Pods Frameworks */,
				905C395F87C54AE19F58A399 /* [CP] Copy Pods Resources */,
			);
			buildRules = (
			);
			dependencies = (
			);
			name = "AMapRadialCircleDemo-swift";
			productName = "AMapRadialCircleDemo-swift";
			productReference = 3A574BEB1DF6B58200AB73AB /* AMapRadialCircleDemo-swift.app */;
			productType = "com.apple.product-type.application";
		};
		D9F65BFE1E2E0751002BBD5C /* AMapRadialCircleDemoUITests */ = {
			isa = PBXNativeTarget;
			buildConfigurationList = D9F65C081E2E0751002BBD5C /* Build configuration list for PBXNativeTarget "AMapRadialCircleDemoUITests" */;
			buildPhases = (
				D9F65BFB1E2E0751002BBD5C /* Sources */,
				D9F65BFC1E2E0751002BBD5C /* Frameworks */,
				D9F65BFD1E2E0751002BBD5C /* Resources */,
			);
			buildRules = (
			);
			dependencies = (
				D9F65C051E2E0751002BBD5C /* PBXTargetDependency */,
			);
			name = AMapRadialCircleDemoUITests;
			productName = AMapRadialCircleDemoUITests;
			productReference = D9F65BFF1E2E0751002BBD5C /* AMapRadialCircleDemoUITests.xctest */;
			productType = "com.apple.product-type.bundle.ui-testing";
		};
/* End PBXNativeTarget section */

/* Begin PBXProject section */
		3A574B9F1DE57F9600AB73AB /* Project object */ = {
			isa = PBXProject;
			attributes = {
				LastSwiftUpdateCheck = 0810;
				LastUpgradeCheck = 0810;
				ORGANIZATIONNAME = AutoNavi;
				TargetAttributes = {
					3A574BA61DE57F9600AB73AB = {
						CreatedOnToolsVersion = 8.1;
						DevelopmentTeam = YMJ372W38W;
						ProvisioningStyle = Manual;
					};
					3A574BEA1DF6B58200AB73AB = {
						CreatedOnToolsVersion = 8.1;
						DevelopmentTeam = YMJ372W38W;
						ProvisioningStyle = Manual;
					};
					D9F65BFE1E2E0751002BBD5C = {
						CreatedOnToolsVersion = 8.2;
						DevelopmentTeam = YMJ372W38W;
						ProvisioningStyle = Manual;
						TestTargetID = 3A574BA61DE57F9600AB73AB;
					};
				};
			};
			buildConfigurationList = 3A574BA21DE57F9600AB73AB /* Build configuration list for PBXProject "AMapRadialCircleDemo" */;
			compatibilityVersion = "Xcode 3.2";
			developmentRegion = English;
			hasScannedForEncodings = 0;
			knownRegions = (
				en,
				Base,
			);
			mainGroup = 3A574B9E1DE57F9600AB73AB;
			productRefGroup = 3A574BA81DE57F9600AB73AB /* Products */;
			projectDirPath = "";
			projectRoot = "";
			targets = (
				3A574BA61DE57F9600AB73AB /* AMapRadialCircleDemo */,
				3A574BEA1DF6B58200AB73AB /* AMapRadialCircleDemo-swift */,
				D9F65BFE1E2E0751002BBD5C /* AMapRadialCircleDemoUITests */,
			);
		};
/* End PBXProject section */

/* Begin PBXResourcesBuildPhase section */
		3A574BA51DE57F9600AB73AB /* Resources */ = {
			isa = PBXResourcesBuildPhase;
			buildActionMask = 2147483647;
			files = (
				3A574BBA1DE57F9600AB73AB /* LaunchScreen.storyboard in Resources */,
				3A574BB71DE57F9600AB73AB /* Assets.xcassets in Resources */,
				3A574BB51DE57F9600AB73AB /* Main.storyboard in Resources */,
			);
			runOnlyForDeploymentPostprocessing = 0;
		};
		3A574BE91DF6B58200AB73AB /* Resources */ = {
			isa = PBXResourcesBuildPhase;
			buildActionMask = 2147483647;
			files = (
				3A574BF81DF6B58300AB73AB /* LaunchScreen.storyboard in Resources */,
				3A574BF51DF6B58300AB73AB /* Assets.xcassets in Resources */,
				3A574BF31DF6B58300AB73AB /* Main.storyboard in Resources */,
			);
			runOnlyForDeploymentPostprocessing = 0;
		};
		D9F65BFD1E2E0751002BBD5C /* Resources */ = {
			isa = PBXResourcesBuildPhase;
			buildActionMask = 2147483647;
			files = (
			);
			runOnlyForDeploymentPostprocessing = 0;
		};
/* End PBXResourcesBuildPhase section */

/* Begin PBXShellScriptBuildPhase section */
		3FAC1C5F988CDE01E4D2610C /* [CP] Embed Pods Frameworks */ = {
			isa = PBXShellScriptBuildPhase;
			buildActionMask = 2147483647;
			files = (
			);
			inputPaths = (
			);
			name = "[CP] Embed Pods Frameworks";
			outputPaths = (
			);
			runOnlyForDeploymentPostprocessing = 0;
			shellPath = /bin/sh;
			shellScript = "\"${SRCROOT}/Pods/Target Support Files/Pods-AMapRadialCircleDemo/Pods-AMapRadialCircleDemo-frameworks.sh\"\n";
			showEnvVarsInLog = 0;
		};
		8CA48DF0EAE033BF9D5FABEC /* [CP] Check Pods Manifest.lock */ = {
			isa = PBXShellScriptBuildPhase;
			buildActionMask = 2147483647;
			files = (
			);
			inputPaths = (
			);
			name = "[CP] Check Pods Manifest.lock";
			outputPaths = (
			);
			runOnlyForDeploymentPostprocessing = 0;
			shellPath = /bin/sh;
			shellScript = "diff \"${PODS_ROOT}/../Podfile.lock\" \"${PODS_ROOT}/Manifest.lock\" > /dev/null\nif [ $? != 0 ] ; then\n    # print error to STDERR\n    echo \"error: The sandbox is not in sync with the Podfile.lock. Run 'pod install' or update your CocoaPods installation.\" >&2\n    exit 1\nfi\n";
			showEnvVarsInLog = 0;
		};
		905C395F87C54AE19F58A399 /* [CP] Copy Pods Resources */ = {
			isa = PBXShellScriptBuildPhase;
			buildActionMask = 2147483647;
			files = (
			);
			inputPaths = (
			);
			name = "[CP] Copy Pods Resources";
			outputPaths = (
			);
			runOnlyForDeploymentPostprocessing = 0;
			shellPath = /bin/sh;
			shellScript = "\"${SRCROOT}/Pods/Target Support Files/Pods-AMapRadialCircleDemo-swift/Pods-AMapRadialCircleDemo-swift-resources.sh\"\n";
			showEnvVarsInLog = 0;
		};
		AB9F4CDF767F013F6FC16817 /* [CP] Check Pods Manifest.lock */ = {
			isa = PBXShellScriptBuildPhase;
			buildActionMask = 2147483647;
			files = (
			);
			inputPaths = (
			);
			name = "[CP] Check Pods Manifest.lock";
			outputPaths = (
			);
			runOnlyForDeploymentPostprocessing = 0;
			shellPath = /bin/sh;
			shellScript = "diff \"${PODS_ROOT}/../Podfile.lock\" \"${PODS_ROOT}/Manifest.lock\" > /dev/null\nif [ $? != 0 ] ; then\n    # print error to STDERR\n    echo \"error: The sandbox is not in sync with the Podfile.lock. Run 'pod install' or update your CocoaPods installation.\" >&2\n    exit 1\nfi\n";
			showEnvVarsInLog = 0;
		};
		E2F46A11F8A5B172FF23E5EC /* [CP] Embed Pods Frameworks */ = {
			isa = PBXShellScriptBuildPhase;
			buildActionMask = 2147483647;
			files = (
			);
			inputPaths = (
			);
			name = "[CP] Embed Pods Frameworks";
			outputPaths = (
			);
			runOnlyForDeploymentPostprocessing = 0;
			shellPath = /bin/sh;
			shellScript = "\"${SRCROOT}/Pods/Target Support Files/Pods-AMapRadialCircleDemo-swift/Pods-AMapRadialCircleDemo-swift-frameworks.sh\"\n";
			showEnvVarsInLog = 0;
		};
		FED4408EE5C2E12066EEF770 /* [CP] Copy Pods Resources */ = {
			isa = PBXShellScriptBuildPhase;
			buildActionMask = 2147483647;
			files = (
			);
			inputPaths = (
			);
			name = "[CP] Copy Pods Resources";
			outputPaths = (
			);
			runOnlyForDeploymentPostprocessing = 0;
			shellPath = /bin/sh;
			shellScript = "\"${SRCROOT}/Pods/Target Support Files/Pods-AMapRadialCircleDemo/Pods-AMapRadialCircleDemo-resources.sh\"\n";
			showEnvVarsInLog = 0;
		};
/* End PBXShellScriptBuildPhase section */

/* Begin PBXSourcesBuildPhase section */
		3A574BA31DE57F9600AB73AB /* Sources */ = {
			isa = PBXSourcesBuildPhase;
			buildActionMask = 2147483647;
			files = (
				3A574BC31DE5843A00AB73AB /* RadialCircleAnnotationView.m in Sources */,
				3A574BB21DE57F9600AB73AB /* ViewController.m in Sources */,
				3A574BAF1DE57F9600AB73AB /* AppDelegate.m in Sources */,
				3A574BAC1DE57F9600AB73AB /* main.m in Sources */,
			);
			runOnlyForDeploymentPostprocessing = 0;
		};
		3A574BE71DF6B58200AB73AB /* Sources */ = {
			isa = PBXSourcesBuildPhase;
			buildActionMask = 2147483647;
			files = (
				3A574C011DF6CDC600AB73AB /* RadialCircleAnnotationView.swift in Sources */,
				3A574BF01DF6B58300AB73AB /* ViewController.swift in Sources */,
				3A574BEE1DF6B58300AB73AB /* AppDelegate.swift in Sources */,
			);
			runOnlyForDeploymentPostprocessing = 0;
		};
		D9F65BFB1E2E0751002BBD5C /* Sources */ = {
			isa = PBXSourcesBuildPhase;
			buildActionMask = 2147483647;
			files = (
				D9F65C021E2E0751002BBD5C /* AMapRadialCircleDemoUITests.m in Sources */,
			);
			runOnlyForDeploymentPostprocessing = 0;
		};
/* End PBXSourcesBuildPhase section */

/* Begin PBXTargetDependency section */
		D9F65C051E2E0751002BBD5C /* PBXTargetDependency */ = {
			isa = PBXTargetDependency;
			target = 3A574BA61DE57F9600AB73AB /* AMapRadialCircleDemo */;
			targetProxy = D9F65C041E2E0751002BBD5C /* PBXContainerItemProxy */;
		};
/* End PBXTargetDependency section */

/* Begin PBXVariantGroup section */
		3A574BB31DE57F9600AB73AB /* Main.storyboard */ = {
			isa = PBXVariantGroup;
			children = (
				3A574BB41DE57F9600AB73AB /* Base */,
			);
			name = Main.storyboard;
			sourceTree = "<group>";
		};
		3A574BB81DE57F9600AB73AB /* LaunchScreen.storyboard */ = {
			isa = PBXVariantGroup;
			children = (
				3A574BB91DE57F9600AB73AB /* Base */,
			);
			name = LaunchScreen.storyboard;
			sourceTree = "<group>";
		};
		3A574BF11DF6B58300AB73AB /* Main.storyboard */ = {
			isa = PBXVariantGroup;
			children = (
				3A574BF21DF6B58300AB73AB /* Base */,
			);
			name = Main.storyboard;
			sourceTree = "<group>";
		};
		3A574BF61DF6B58300AB73AB /* LaunchScreen.storyboard */ = {
			isa = PBXVariantGroup;
			children = (
				3A574BF71DF6B58300AB73AB /* Base */,
			);
			name = LaunchScreen.storyboard;
			sourceTree = "<group>";
		};
/* End PBXVariantGroup section */

/* Begin XCBuildConfiguration section */
		3A574BBC1DE57F9600AB73AB /* Debug */ = {
			isa = XCBuildConfiguration;
			buildSettings = {
				ALWAYS_SEARCH_USER_PATHS = NO;
				CLANG_ANALYZER_NONNULL = YES;
				CLANG_CXX_LANGUAGE_STANDARD = "gnu++0x";
				CLANG_CXX_LIBRARY = "libc++";
				CLANG_ENABLE_MODULES = YES;
				CLANG_ENABLE_OBJC_ARC = YES;
				CLANG_WARN_BOOL_CONVERSION = YES;
				CLANG_WARN_CONSTANT_CONVERSION = YES;
				CLANG_WARN_DIRECT_OBJC_ISA_USAGE = YES_ERROR;
				CLANG_WARN_DOCUMENTATION_COMMENTS = YES;
				CLANG_WARN_EMPTY_BODY = YES;
				CLANG_WARN_ENUM_CONVERSION = YES;
				CLANG_WARN_INFINITE_RECURSION = YES;
				CLANG_WARN_INT_CONVERSION = YES;
				CLANG_WARN_OBJC_ROOT_CLASS = YES_ERROR;
				CLANG_WARN_SUSPICIOUS_MOVES = YES;
				CLANG_WARN_UNREACHABLE_CODE = YES;
				CLANG_WARN__DUPLICATE_METHOD_MATCH = YES;
				"CODE_SIGN_IDENTITY[sdk=iphoneos*]" = "iPhone Developer";
				COPY_PHASE_STRIP = NO;
				DEBUG_INFORMATION_FORMAT = dwarf;
				ENABLE_STRICT_OBJC_MSGSEND = YES;
				ENABLE_TESTABILITY = YES;
				GCC_C_LANGUAGE_STANDARD = gnu99;
				GCC_DYNAMIC_NO_PIC = NO;
				GCC_NO_COMMON_BLOCKS = YES;
				GCC_OPTIMIZATION_LEVEL = 0;
				GCC_PREPROCESSOR_DEFINITIONS = (
					"DEBUG=1",
					"$(inherited)",
				);
				GCC_WARN_64_TO_32_BIT_CONVERSION = YES;
				GCC_WARN_ABOUT_RETURN_TYPE = YES_ERROR;
				GCC_WARN_UNDECLARED_SELECTOR = YES;
				GCC_WARN_UNINITIALIZED_AUTOS = YES_AGGRESSIVE;
				GCC_WARN_UNUSED_FUNCTION = YES;
				GCC_WARN_UNUSED_VARIABLE = YES;
				IPHONEOS_DEPLOYMENT_TARGET = 10.1;
				MTL_ENABLE_DEBUG_INFO = YES;
				ONLY_ACTIVE_ARCH = YES;
				SDKROOT = iphoneos;
			};
			name = Debug;
		};
		3A574BBD1DE57F9600AB73AB /* Release */ = {
			isa = XCBuildConfiguration;
			buildSettings = {
				ALWAYS_SEARCH_USER_PATHS = NO;
				CLANG_ANALYZER_NONNULL = YES;
				CLANG_CXX_LANGUAGE_STANDARD = "gnu++0x";
				CLANG_CXX_LIBRARY = "libc++";
				CLANG_ENABLE_MODULES = YES;
				CLANG_ENABLE_OBJC_ARC = YES;
				CLANG_WARN_BOOL_CONVERSION = YES;
				CLANG_WARN_CONSTANT_CONVERSION = YES;
				CLANG_WARN_DIRECT_OBJC_ISA_USAGE = YES_ERROR;
				CLANG_WARN_DOCUMENTATION_COMMENTS = YES;
				CLANG_WARN_EMPTY_BODY = YES;
				CLANG_WARN_ENUM_CONVERSION = YES;
				CLANG_WARN_INFINITE_RECURSION = YES;
				CLANG_WARN_INT_CONVERSION = YES;
				CLANG_WARN_OBJC_ROOT_CLASS = YES_ERROR;
				CLANG_WARN_SUSPICIOUS_MOVES = YES;
				CLANG_WARN_UNREACHABLE_CODE = YES;
				CLANG_WARN__DUPLICATE_METHOD_MATCH = YES;
				"CODE_SIGN_IDENTITY[sdk=iphoneos*]" = "iPhone Developer";
				COPY_PHASE_STRIP = NO;
				DEBUG_INFORMATION_FORMAT = "dwarf-with-dsym";
				ENABLE_NS_ASSERTIONS = NO;
				ENABLE_STRICT_OBJC_MSGSEND = YES;
				GCC_C_LANGUAGE_STANDARD = gnu99;
				GCC_NO_COMMON_BLOCKS = YES;
				GCC_WARN_64_TO_32_BIT_CONVERSION = YES;
				GCC_WARN_ABOUT_RETURN_TYPE = YES_ERROR;
				GCC_WARN_UNDECLARED_SELECTOR = YES;
				GCC_WARN_UNINITIALIZED_AUTOS = YES_AGGRESSIVE;
				GCC_WARN_UNUSED_FUNCTION = YES;
				GCC_WARN_UNUSED_VARIABLE = YES;
				IPHONEOS_DEPLOYMENT_TARGET = 10.1;
				MTL_ENABLE_DEBUG_INFO = NO;
				SDKROOT = iphoneos;
				VALIDATE_PRODUCT = YES;
			};
			name = Release;
		};
		3A574BBF1DE57F9600AB73AB /* Debug */ = {
			isa = XCBuildConfiguration;
			baseConfigurationReference = 711D2E074078F3EC3669E6A2 /* Pods-AMapRadialCircleDemo.debug.xcconfig */;
			buildSettings = {
				ASSETCATALOG_COMPILER_APPICON_NAME = AppIcon;
				"CODE_SIGN_IDENTITY[sdk=iphoneos*]" = "iPhone Developer";
				DEVELOPMENT_TEAM = YMJ372W38W;
				INFOPLIST_FILE = AMapRadialCircleDemo/Info.plist;
				IPHONEOS_DEPLOYMENT_TARGET = 8.0;
				LD_RUNPATH_SEARCH_PATHS = "$(inherited) @executable_path/Frameworks";
				PRODUCT_BUNDLE_IDENTIFIER = com.autonavi.AMapRadialCircleDemo;
				PRODUCT_NAME = "$(TARGET_NAME)";
				PROVISIONING_PROFILE = "8014ae4e-33b6-4937-87e3-3725a2aad4f7";
				PROVISIONING_PROFILE_SPECIFIER = openPlatform_development;
			};
			name = Debug;
		};
		3A574BC01DE57F9600AB73AB /* Release */ = {
			isa = XCBuildConfiguration;
			baseConfigurationReference = 387340A5FCA7A7E2B00CCC67 /* Pods-AMapRadialCircleDemo.release.xcconfig */;
			buildSettings = {
				ASSETCATALOG_COMPILER_APPICON_NAME = AppIcon;
				"CODE_SIGN_IDENTITY[sdk=iphoneos*]" = "iPhone Distribution";
				DEVELOPMENT_TEAM = YMJ372W38W;
				INFOPLIST_FILE = AMapRadialCircleDemo/Info.plist;
				IPHONEOS_DEPLOYMENT_TARGET = 8.0;
				LD_RUNPATH_SEARCH_PATHS = "$(inherited) @executable_path/Frameworks";
				PRODUCT_BUNDLE_IDENTIFIER = com.autonavi.AMapRadialCircleDemo;
				PRODUCT_NAME = "$(TARGET_NAME)";
				PROVISIONING_PROFILE = "a892512d-fe94-4702-b716-0b66880b936d";
				PROVISIONING_PROFILE_SPECIFIER = openPlatformInhouse;
			};
			name = Release;
		};
		3A574BFA1DF6B58300AB73AB /* Debug */ = {
			isa = XCBuildConfiguration;
			baseConfigurationReference = FE524B481FF9AEDCA29B5B3F /* Pods-AMapRadialCircleDemo-swift.debug.xcconfig */;
			buildSettings = {
				ASSETCATALOG_COMPILER_APPICON_NAME = AppIcon;
				DEVELOPMENT_TEAM = YMJ372W38W;
				INFOPLIST_FILE = "AMapRadialCircleDemo-swift/Info.plist";
				IPHONEOS_DEPLOYMENT_TARGET = 8.0;
				LD_RUNPATH_SEARCH_PATHS = "$(inherited) @executable_path/Frameworks";
				PRODUCT_BUNDLE_IDENTIFIER = com.autonavi.AMapRadialCircleDemo;
				PRODUCT_NAME = "$(TARGET_NAME)";
				PROVISIONING_PROFILE = "8014ae4e-33b6-4937-87e3-3725a2aad4f7";
				PROVISIONING_PROFILE_SPECIFIER = openPlatform_development;
				SWIFT_ACTIVE_COMPILATION_CONDITIONS = DEBUG;
				SWIFT_OBJC_BRIDGING_HEADER = "./AMapRadialCircleDemo-swift/Swift-Bridging-Header.h";
				SWIFT_OPTIMIZATION_LEVEL = "-Onone";
				SWIFT_VERSION = 3.0;
			};
			name = Debug;
		};
		3A574BFB1DF6B58300AB73AB /* Release */ = {
			isa = XCBuildConfiguration;
			baseConfigurationReference = ABB779705F259109227D172D /* Pods-AMapRadialCircleDemo-swift.release.xcconfig */;
			buildSettings = {
				ASSETCATALOG_COMPILER_APPICON_NAME = AppIcon;
				"CODE_SIGN_IDENTITY[sdk=iphoneos*]" = "iPhone Distribution";
				DEVELOPMENT_TEAM = YMJ372W38W;
				INFOPLIST_FILE = "AMapRadialCircleDemo-swift/Info.plist";
				IPHONEOS_DEPLOYMENT_TARGET = 8.0;
				LD_RUNPATH_SEARCH_PATHS = "$(inherited) @executable_path/Frameworks";
				PRODUCT_BUNDLE_IDENTIFIER = com.autonavi.AMapRadialCircleDemo;
				PRODUCT_NAME = "$(TARGET_NAME)";
				PROVISIONING_PROFILE = "a892512d-fe94-4702-b716-0b66880b936d";
				PROVISIONING_PROFILE_SPECIFIER = openPlatformInhouse;
				SWIFT_OBJC_BRIDGING_HEADER = "./AMapRadialCircleDemo-swift/Swift-Bridging-Header.h";
				SWIFT_OPTIMIZATION_LEVEL = "-Owholemodule";
				SWIFT_VERSION = 3.0;
			};
			name = Release;
		};
		D9F65C061E2E0751002BBD5C /* Debug */ = {
			isa = XCBuildConfiguration;
			buildSettings = {
				CLANG_WARN_SUSPICIOUS_MOVE = YES;
				DEVELOPMENT_TEAM = YMJ372W38W;
				INFOPLIST_FILE = AMapRadialCircleDemoUITests/Info.plist;
				IPHONEOS_DEPLOYMENT_TARGET = 10.2;
				LD_RUNPATH_SEARCH_PATHS = "$(inherited) @executable_path/Frameworks @loader_path/Frameworks";
				PRODUCT_BUNDLE_IDENTIFIER = com.autonavi.AMapRadialCircleDemoUITests;
				PRODUCT_NAME = "$(TARGET_NAME)";
				PROVISIONING_PROFILE = "8014ae4e-33b6-4937-87e3-3725a2aad4f7";
				PROVISIONING_PROFILE_SPECIFIER = openPlatform_development;
				TEST_TARGET_NAME = AMapRadialCircleDemo;
			};
			name = Debug;
		};
		D9F65C071E2E0751002BBD5C /* Release */ = {
			isa = XCBuildConfiguration;
			buildSettings = {
				CLANG_WARN_SUSPICIOUS_MOVE = YES;
				DEVELOPMENT_TEAM = YMJ372W38W;
				INFOPLIST_FILE = AMapRadialCircleDemoUITests/Info.plist;
				IPHONEOS_DEPLOYMENT_TARGET = 10.2;
				LD_RUNPATH_SEARCH_PATHS = "$(inherited) @executable_path/Frameworks @loader_path/Frameworks";
				PRODUCT_BUNDLE_IDENTIFIER = com.autonavi.AMapRadialCircleDemoUITests;
				PRODUCT_NAME = "$(TARGET_NAME)";
				PROVISIONING_PROFILE = "8014ae4e-33b6-4937-87e3-3725a2aad4f7";
				PROVISIONING_PROFILE_SPECIFIER = openPlatform_development;
				TEST_TARGET_NAME = AMapRadialCircleDemo;
			};
			name = Release;
		};
/* End XCBuildConfiguration section */

/* Begin XCConfigurationList section */
		3A574BA21DE57F9600AB73AB /* Build configuration list for PBXProject "AMapRadialCircleDemo" */ = {
			isa = XCConfigurationList;
			buildConfigurations = (
				3A574BBC1DE57F9600AB73AB /* Debug */,
				3A574BBD1DE57F9600AB73AB /* Release */,
			);
			defaultConfigurationIsVisible = 0;
			defaultConfigurationName = Release;
		};
		3A574BBE1DE57F9600AB73AB /* Build configuration list for PBXNativeTarget "AMapRadialCircleDemo" */ = {
			isa = XCConfigurationList;
			buildConfigurations = (
				3A574BBF1DE57F9600AB73AB /* Debug */,
				3A574BC01DE57F9600AB73AB /* Release */,
			);
			defaultConfigurationIsVisible = 0;
			defaultConfigurationName = Release;
		};
		3A574BFC1DF6B58300AB73AB /* Build configuration list for PBXNativeTarget "AMapRadialCircleDemo-swift" */ = {
			isa = XCConfigurationList;
			buildConfigurations = (
				3A574BFA1DF6B58300AB73AB /* Debug */,
				3A574BFB1DF6B58300AB73AB /* Release */,
			);
			defaultConfigurationIsVisible = 0;
			defaultConfigurationName = Release;
		};
		D9F65C081E2E0751002BBD5C /* Build configuration list for PBXNativeTarget "AMapRadialCircleDemoUITests" */ = {
			isa = XCConfigurationList;
			buildConfigurations = (
				D9F65C061E2E0751002BBD5C /* Debug */,
				D9F65C071E2E0751002BBD5C /* Release */,
			);
			defaultConfigurationIsVisible = 0;
		};
/* End XCConfigurationList section */
	};
	rootObject = 3A574B9F1DE57F9600AB73AB /* Project object */;
}
